
Microsoft Visual Studio Solution File, Format Version 12.00
# Visual Studio Version 17
VisualStudioVersion = 17.0.31903.59
MinimumVisualStudioVersion = 10.0.40219.1
Project("{9A19103F-16F7-4668-BE54-9A1E7A4F7556}") = "DynamoDBTest", "DynamoDBTest\DynamoDBTest.csproj", "{B887E962-1365-49DF-AA9E-4EA82D0A91D6}"
EndProject
Project("{FAE04EC0-301F-11D3-BF4B-00C04F79EFBC}") = "DynamoDB.Service", "DynamoDB.Service\DynamoDB.Service.csproj", "{AD1F0CF6-A98A-44BC-BBE4-618216459171}"
EndProject
Global
	GlobalSection(SolutionConfigurationPlatforms) = preSolution
		Debug|Any CPU = Debug|Any CPU
		Release|Any CPU = Release|Any CPU
	EndGlobalSection
	GlobalSection(ProjectConfigurationPlatforms) = postSolution
		{B887E962-1365-49DF-AA9E-4EA82D0A91D6}.Debug|Any CPU.ActiveCfg = Debug|Any CPU
		{B887E962-1365-49DF-AA9E-4EA82D0A91D6}.Debug|Any CPU.Build.0 = Debug|Any CPU
		{B887E962-1365-49DF-AA9E-4EA82D0A91D6}.Release|Any CPU.ActiveCfg = Release|Any CPU
		{B887E962-1365-49DF-AA9E-4EA82D0A91D6}.Release|Any CPU.Build.0 = Release|Any CPU
		{AD1F0CF6-A98A-44BC-BBE4-618216459171}.Debug|Any CPU.ActiveCfg = Debug|Any CPU
		{AD1F0CF6-A98A-44BC-BBE4-618216459171}.Debug|Any CPU.Build.0 = Debug|Any CPU
		{AD1F0CF6-A98A-44BC-BBE4-618216459171}.Release|Any CPU.ActiveCfg = Release|Any CPU
		{AD1F0CF6-A98A-44BC-BBE4-618216459171}.Release|Any CPU.Build.0 = Release|Any CPU
	EndGlobalSection
	GlobalSection(SolutionProperties) = preSolution
		HideSolutionNode = FALSE
	EndGlobalSection
	GlobalSection(ExtensibilityGlobals) = postSolution
		SolutionGuid = {3CF06485-46A2-418F-9BF3-9A09BD67593B}
	EndGlobalSection
EndGlobal
